PODS:
  - CJPBaseComponents/Category (0.2.1)

DEPENDENCIES:
  - CJPBaseComponents/Category (~> 0.2.1)

SPEC REPOS:
  https://github.com/cocoapods/specs.git:
    - CJPBaseComponents

SPEC CHECKSUMS:
  CJPBaseComponents: 0f49dd1052c86520fc67471736b4fac87a87baef

PODFILE CHECKSUM: 5c7a6bf2caf6eaaa502a0844357614a05d765e30

COCOAPODS: 1.6.0.beta.2
